
Microsoft Visual Studio Solution File, Format Version 12.00
# Visual Studio 15
VisualStudioVersion = 15.0.28307.421
MinimumVisualStudioVersion = 10.0.40219.1
Project("{FAE04EC0-301F-11D3-BF4B-00C04F79EFBC}") = "Blog.Core", "Blog.Core\Blog.Core.csproj", "{39ECC155-4199-4DDF-AC7B-0B764DFF0A92}"
EndProject
Project("{FAE04EC0-301F-11D3-BF4B-00C04F79EFBC}") = "Blog.Croe.Common", "Blog.Croe.Common\Blog.Croe.Common.csproj", "{075D18AC-4154-4DEA-9516-A65C9AAF0E87}"
EndProject
Global
	GlobalSection(SolutionConfigurationPlatforms) = preSolution
		Debug|Any CPU = Debug|Any CPU
		Release|Any CPU = Release|Any CPU
	EndGlobalSection
	GlobalSection(ProjectConfigurationPlatforms) = postSolution
		{39ECC155-4199-4DDF-AC7B-0B764DFF0A92}.Debug|Any CPU.ActiveCfg = Debug|Any CPU
		{39ECC155-4199-4DDF-AC7B-0B764DFF0A92}.Debug|Any CPU.Build.0 = Debug|Any CPU
		{39ECC155-4199-4DDF-AC7B-0B764DFF0A92}.Release|Any CPU.ActiveCfg = Release|Any CPU
		{39ECC155-4199-4DDF-AC7B-0B764DFF0A92}.Release|Any CPU.Build.0 = Release|Any CPU
		{075D18AC-4154-4DEA-9516-A65C9AAF0E87}.Debug|Any CPU.ActiveCfg = Debug|Any CPU
		{075D18AC-4154-4DEA-9516-A65C9AAF0E87}.Debug|Any CPU.Build.0 = Debug|Any CPU
		{075D18AC-4154-4DEA-9516-A65C9AAF0E87}.Release|Any CPU.ActiveCfg = Release|Any CPU
		{075D18AC-4154-4DEA-9516-A65C9AAF0E87}.Release|Any CPU.Build.0 = Release|Any CPU
	EndGlobalSection
	GlobalSection(SolutionProperties) = preSolution
		HideSolutionNode = FALSE
	EndGlobalSection
	GlobalSection(ExtensibilityGlobals) = postSolution
		SolutionGuid = {AD909292-9673-4ABE-8DC3-5F3B889D815C}
	EndGlobalSection
EndGlobal
